
Microsoft Visual Studio Solution File, Format Version 12.00
# Visual Studio Version 16
VisualStudioVersion = 16.0.29613.14
MinimumVisualStudioVersion = 10.0.40219.1
Project("{FAE04EC0-301F-11D3-BF4B-00C04F79EFBC}") = "WebAppProjeto2023G1", "WebAppProjeto2023G1\WebAppProjeto2023G1.csproj", "{C274301F-DA06-414C-B401-05BD7C1E6413}"
EndProject
Project("{FAE04EC0-301F-11D3-BF4B-00C04F79EFBC}") = "Modelo", "Modelo\Modelo.csproj", "{2AAE113F-85D1-4542-AA71-AC88DE4CCEC4}"
EndProject
Project("{FAE04EC0-301F-11D3-BF4B-00C04F79EFBC}") = "Persistencia", "Persistencia\Persistencia.csproj", "{14A060D5-983B-48A9-A4C6-7745DEC5927F}"
EndProject
Global
	GlobalSection(SolutionConfigurationPlatforms) = preSolution
		Debug|Any CPU = Debug|Any CPU
		Release|Any CPU = Release|Any CPU
	EndGlobalSection
	GlobalSection(ProjectConfigurationPlatforms) = postSolution
		{C274301F-DA06-414C-B401-05BD7C1E6413}.Debug|Any CPU.ActiveCfg = Debug|Any CPU
		{C274301F-DA06-414C-B401-05BD7C1E6413}.Debug|Any CPU.Build.0 = Debug|Any CPU
		{C274301F-DA06-414C-B401-05BD7C1E6413}.Release|Any CPU.ActiveCfg = Release|Any CPU
		{C274301F-DA06-414C-B401-05BD7C1E6413}.Release|Any CPU.Build.0 = Release|Any CPU
		{2AAE113F-85D1-4542-AA71-AC88DE4CCEC4}.Debug|Any CPU.ActiveCfg = Debug|Any CPU
		{2AAE113F-85D1-4542-AA71-AC88DE4CCEC4}.Debug|Any CPU.Build.0 = Debug|Any CPU
		{2AAE113F-85D1-4542-AA71-AC88DE4CCEC4}.Release|Any CPU.ActiveCfg = Release|Any CPU
		{2AAE113F-85D1-4542-AA71-AC88DE4CCEC4}.Release|Any CPU.Build.0 = Release|Any CPU
		{14A060D5-983B-48A9-A4C6-7745DEC5927F}.Debug|Any CPU.ActiveCfg = Debug|Any CPU
		{14A060D5-983B-48A9-A4C6-7745DEC5927F}.Debug|Any CPU.Build.0 = Debug|Any CPU
		{14A060D5-983B-48A9-A4C6-7745DEC5927F}.Release|Any CPU.ActiveCfg = Release|Any CPU
		{14A060D5-983B-48A9-A4C6-7745DEC5927F}.Release|Any CPU.Build.0 = Release|Any CPU
	EndGlobalSection
	GlobalSection(SolutionProperties) = preSolution
		HideSolutionNode = FALSE
	EndGlobalSection
	GlobalSection(ExtensibilityGlobals) = postSolution
		SolutionGuid = {720ED518-4776-48D3-82E2-4CE78E62E154}
	EndGlobalSection
EndGlobal
